// !$*UTF8*$!
{
	archiveVersion = 1;
	classes = {
	};
	objectVersion = 56;
	objects = {

/* Begin PBXBuildFile section */
		716E56A12D78D52000F27CA4 /* MBProgressHUD in Frameworks */ = {isa = PBXBuildFile; productRef = 716E56A02D78D52000F27CA4 /* MBProgressHUD */; };
		716E56A42D78D56D00F27CA4 /* RxCocoa in Frameworks */ = {isa = PBXBuildFile; productRef = 716E56A32D78D56D00F27CA4 /* RxCocoa */; };
		716E56A62D78D56D00F27CA4 /* RxSwift in Frameworks */ = {isa = PBXBuildFile; productRef = 716E56A52D78D56D00F27CA4 /* RxSwift */; };
		716E56A92D78D61800F27CA4 /* XLPagerTabStrip in Frameworks */ = {isa = PBXBuildFile; productRef = 716E56A82D78D61800F27CA4 /* XLPagerTabStrip */; };
		716E56AC2D78D66200F27CA4 /* Alamofire in Frameworks */ = {isa = PBXBuildFile; productRef = 716E56AB2D78D66200F27CA4 /* Alamofire */; };
		716E56AF2D78D67F00F27CA4 /* Kingfisher in Frameworks */ = {isa = PBXBuildFile; productRef = 716E56AE2D78D67F00F27CA4 /* Kingfisher */; };
		716E56B32D78D78100F27CA4 /* WeatherApi.swift in Sources */ = {isa = PBXBuildFile; fileRef = 716E56B12D78D78000F27CA4 /* WeatherApi.swift */; };
		716E56B42D78D78100F27CA4 /* APIManager.swift in Sources */ = {isa = PBXBuildFile; fileRef = 716E56B22D78D78100F27CA4 /* APIManager.swift */; };
		716E56B82D78D79E00F27CA4 /* Forecast.swift in Sources */ = {isa = PBXBuildFile; fileRef = 716E56B52D78D79E00F27CA4 /* Forecast.swift */; };
		716E56B92D78D79E00F27CA4 /* Weather.swift in Sources */ = {isa = PBXBuildFile; fileRef = 716E56B62D78D79E00F27CA4 /* Weather.swift */; };
		716E56C92D78DC7E00F27CA4 /* UserPreferenceManager.swift in Sources */ = {isa = PBXBuildFile; fileRef = 716E56C22D78DC7D00F27CA4 /* UserPreferenceManager.swift */; };
		716E56CA2D78DC7E00F27CA4 /* NSLayoutConstraintExtensions.swift in Sources */ = {isa = PBXBuildFile; fileRef = 716E56C32D78DC7E00F27CA4 /* NSLayoutConstraintExtensions.swift */; };
		716E56CD2D78DC7E00F27CA4 /* UIStackViewExtension.swift in Sources */ = {isa = PBXBuildFile; fileRef = 716E56C62D78DC7E00F27CA4 /* UIStackViewExtension.swift */; };
		716E56D02D78DC9A00F27CA4 /* LoginViewController.swift in Sources */ = {isa = PBXBuildFile; fileRef = 716E56CF2D78DC9A00F27CA4 /* LoginViewController.swift */; };
		716E56D22D78DE8000F27CA4 /* TipeDataExtension.swift in Sources */ = {isa = PBXBuildFile; fileRef = 716E56D12D78DE8000F27CA4 /* TipeDataExtension.swift */; };
		716E56D42D78DE8800F27CA4 /* IconAndTextView.swift in Sources */ = {isa = PBXBuildFile; fileRef = 716E56D32D78DE8800F27CA4 /* IconAndTextView.swift */; };
		716E56D62D78DEA100F27CA4 /* WeatherViewController.swift in Sources */ = {isa = PBXBuildFile; fileRef = 716E56D52D78DEA100F27CA4 /* WeatherViewController.swift */; };
		716E56D82D78DF0300F27CA4 /* WeatherPresenter.swift in Sources */ = {isa = PBXBuildFile; fileRef = 716E56D72D78DF0300F27CA4 /* WeatherPresenter.swift */; };
		716E56DF2D78DFF300F27CA4 /* HourlyForecastCell.swift in Sources */ = {isa = PBXBuildFile; fileRef = 716E56D92D78DFF200F27CA4 /* HourlyForecastCell.swift */; };
		716E56E02D78DFF300F27CA4 /* HourlyForecastView.swift in Sources */ = {isa = PBXBuildFile; fileRef = 716E56DA2D78DFF200F27CA4 /* HourlyForecastView.swift */; };
		716E56E12D78DFF300F27CA4 /* HumidityInfoView.swift in Sources */ = {isa = PBXBuildFile; fileRef = 716E56DC2D78DFF200F27CA4 /* HumidityInfoView.swift */; };
		716E56E32D78F5FF00F27CA4 /* HomeViewController.swift in Sources */ = {isa = PBXBuildFile; fileRef = 716E56E22D78F5FF00F27CA4 /* HomeViewController.swift */; };
		716E56E52D78F60A00F27CA4 /* ProfileViewController.swift in Sources */ = {isa = PBXBuildFile; fileRef = 716E56E42D78F60A00F27CA4 /* ProfileViewController.swift */; };
		7178F0472D787B640044E3CC /* AppDelegate.swift in Sources */ = {isa = PBXBuildFile; fileRef = 7178F0462D787B640044E3CC /* AppDelegate.swift */; };
		7178F0492D787B640044E3CC /* SceneDelegate.swift in Sources */ = {isa = PBXBuildFile; fileRef = 7178F0482D787B640044E3CC /* SceneDelegate.swift */; };
		7178F0502D787B670044E3CC /* Assets.xcassets in Resources */ = {isa = PBXBuildFile; fileRef = 7178F04F2D787B670044E3CC /* Assets.xcassets */; };
		7178F0532D787B670044E3CC /* Base in Resources */ = {isa = PBXBuildFile; fileRef = 7178F0522D787B670044E3CC /* Base */; };
/* End PBXBuildFile section */

/* Begin PBXFileReference section */
		716E56B12D78D78000F27CA4 /* WeatherApi.swift */ = {isa = PBXFileReference; fileEncoding = 4; lastKnownFileType = sourcecode.swift; path = WeatherApi.swift; sourceTree = "<group>"; };
		716E56B22D78D78100F27CA4 /* APIManager.swift */ = {isa = PBXFileReference; fileEncoding = 4; lastKnownFileType = sourcecode.swift; path = APIManager.swift; sourceTree = "<group>"; };
		716E56B52D78D79E00F27CA4 /* Forecast.swift */ = {isa = PBXFileReference; fileEncoding = 4; lastKnownFileType = sourcecode.swift; path = Forecast.swift; sourceTree = "<group>"; };
		716E56B62D78D79E00F27CA4 /* Weather.swift */ = {isa = PBXFileReference; fileEncoding = 4; lastKnownFileType = sourcecode.swift; path = Weather.swift; sourceTree = "<group>"; };
		716E56C22D78DC7D00F27CA4 /* UserPreferenceManager.swift */ = {isa = PBXFileReference; fileEncoding = 4; lastKnownFileType = sourcecode.swift; path = UserPreferenceManager.swift; sourceTree = "<group>"; };
		716E56C32D78DC7E00F27CA4 /* NSLayoutConstraintExtensions.swift */ = {isa = PBXFileReference; fileEncoding = 4; lastKnownFileType = sourcecode.swift; path = NSLayoutConstraintExtensions.swift; sourceTree = "<group>"; };
		716E56C62D78DC7E00F27CA4 /* UIStackViewExtension.swift */ = {isa = PBXFileReference; fileEncoding = 4; lastKnownFileType = sourcecode.swift; path = UIStackViewExtension.swift; sourceTree = "<group>"; };
		716E56CF2D78DC9A00F27CA4 /* LoginViewController.swift */ = {isa = PBXFileReference; fileEncoding = 4; lastKnownFileType = sourcecode.swift; path = LoginViewController.swift; sourceTree = "<group>"; };
		716E56D12D78DE8000F27CA4 /* TipeDataExtension.swift */ = {isa = PBXFileReference; fileEncoding = 4; lastKnownFileType = sourcecode.swift; path = TipeDataExtension.swift; sourceTree = "<group>"; };
		716E56D32D78DE8800F27CA4 /* IconAndTextView.swift */ = {isa = PBXFileReference; fileEncoding = 4; lastKnownFileType = sourcecode.swift; path = IconAndTextView.swift; sourceTree = "<group>"; };
		716E56D52D78DEA100F27CA4 /* WeatherViewController.swift */ = {isa = PBXFileReference; lastKnownFileType = sourcecode.swift; path = WeatherViewController.swift; sourceTree = "<group>"; };
		716E56D72D78DF0300F27CA4 /* WeatherPresenter.swift */ = {isa = PBXFileReference; lastKnownFileType = sourcecode.swift; path = WeatherPresenter.swift; sourceTree = "<group>"; };
		716E56D92D78DFF200F27CA4 /* HourlyForecastCell.swift */ = {isa = PBXFileReference; fileEncoding = 4; lastKnownFileType = sourcecode.swift; path = HourlyForecastCell.swift; sourceTree = "<group>"; };
		716E56DA2D78DFF200F27CA4 /* HourlyForecastView.swift */ = {isa = PBXFileReference; fileEncoding = 4; lastKnownFileType = sourcecode.swift; path = HourlyForecastView.swift; sourceTree = "<group>"; };
		716E56DC2D78DFF200F27CA4 /* HumidityInfoView.swift */ = {isa = PBXFileReference; fileEncoding = 4; lastKnownFileType = sourcecode.swift; path = HumidityInfoView.swift; sourceTree = "<group>"; };
		716E56E22D78F5FF00F27CA4 /* HomeViewController.swift */ = {isa = PBXFileReference; fileEncoding = 4; lastKnownFileType = sourcecode.swift; path = HomeViewController.swift; sourceTree = "<group>"; };
		716E56E42D78F60A00F27CA4 /* ProfileViewController.swift */ = {isa = PBXFileReference; fileEncoding = 4; lastKnownFileType = sourcecode.swift; path = ProfileViewController.swift; sourceTree = "<group>"; };
		7178F0432D787B640044E3CC /* openweatherApp.app */ = {isa = PBXFileReference; explicitFileType = wrapper.application; includeInIndex = 0; path = openweatherApp.app; sourceTree = BUILT_PRODUCTS_DIR; };
		7178F0462D787B640044E3CC /* AppDelegate.swift */ = {isa = PBXFileReference; lastKnownFileType = sourcecode.swift; path = AppDelegate.swift; sourceTree = "<group>"; };
		7178F0482D787B640044E3CC /* SceneDelegate.swift */ = {isa = PBXFileReference; lastKnownFileType = sourcecode.swift; path = SceneDelegate.swift; sourceTree = "<group>"; };
		7178F04F2D787B670044E3CC /* Assets.xcassets */ = {isa = PBXFileReference; lastKnownFileType = folder.assetcatalog; path = Assets.xcassets; sourceTree = "<group>"; };
		7178F0522D787B670044E3CC /* Base */ = {isa = PBXFileReference; lastKnownFileType = file.storyboard; name = Base; path = Base.lproj/LaunchScreen.storyboard; sourceTree = "<group>"; };
		7178F0542D787B680044E3CC /* Info.plist */ = {isa = PBXFileReference; lastKnownFileType = text.plist.xml; path = Info.plist; sourceTree = "<group>"; };
/* End PBXFileReference section */

/* Begin PBXFrameworksBuildPhase section */
		7178F0402D787B640044E3CC /* Frameworks */ = {
			isa = PBXFrameworksBuildPhase;
			buildActionMask = 2147483647;
			files = (
				716E56AF2D78D67F00F27CA4 /* Kingfisher in Frameworks */,
				716E56AC2D78D66200F27CA4 /* Alamofire in Frameworks */,
				716E56A62D78D56D00F27CA4 /* RxSwift in Frameworks */,
				716E56A42D78D56D00F27CA4 /* RxCocoa in Frameworks */,
				716E56A12D78D52000F27CA4 /* MBProgressHUD in Frameworks */,
				716E56A92D78D61800F27CA4 /* XLPagerTabStrip in Frameworks */,
			);
			runOnlyForDeploymentPostprocessing = 0;
		};
/* End PBXFrameworksBuildPhase section */

/* Begin PBXGroup section */
		716E56B02D78D76700F27CA4 /* Api */ = {
			isa = PBXGroup;
			children = (
				716E56B22D78D78100F27CA4 /* APIManager.swift */,
				716E56B12D78D78000F27CA4 /* WeatherApi.swift */,
			);
			path = Api;
			sourceTree = "<group>";
		};
		716E56B72D78D79E00F27CA4 /* Model */ = {
			isa = PBXGroup;
			children = (
				716E56B52D78D79E00F27CA4 /* Forecast.swift */,
				716E56B62D78D79E00F27CA4 /* Weather.swift */,
			);
			path = Model;
			sourceTree = "<group>";
		};
		716E56BC2D78DBC000F27CA4 /* Modules */ = {
			isa = PBXGroup;
			children = (
				716E56C02D78DBE200F27CA4 /* Profile */,
				716E56BF2D78DBDC00F27CA4 /* Weather */,
				716E56BE2D78DBD500F27CA4 /* Login */,
				716E56BD2D78DBCE00F27CA4 /* Home */,
			);
			path = Modules;
			sourceTree = "<group>";
		};
		716E56BD2D78DBCE00F27CA4 /* Home */ = {
			isa = PBXGroup;
			children = (
				716E56E22D78F5FF00F27CA4 /* HomeViewController.swift */,
			);
			path = Home;
			sourceTree = "<group>";
		};
		716E56BE2D78DBD500F27CA4 /* Login */ = {
			isa = PBXGroup;
			children = (
				716E56CF2D78DC9A00F27CA4 /* LoginViewController.swift */,
			);
			path = Login;
			sourceTree = "<group>";
		};
		716E56BF2D78DBDC00F27CA4 /* Weather */ = {
			isa = PBXGroup;
			children = (
				716E56DE2D78DFF200F27CA4 /* Views */,
				716E56D52D78DEA100F27CA4 /* WeatherViewController.swift */,
				716E56D72D78DF0300F27CA4 /* WeatherPresenter.swift */,
			);
			path = Weather;
			sourceTree = "<group>";
		};
		716E56C02D78DBE200F27CA4 /* Profile */ = {
			isa = PBXGroup;
			children = (
				716E56E42D78F60A00F27CA4 /* ProfileViewController.swift */,
			);
			path = Profile;
			sourceTree = "<group>";
		};
		716E56C12D78DC6300F27CA4 /* Utilities */ = {
			isa = PBXGroup;
			children = (
				716E56C82D78DC7E00F27CA4 /* Extension */,
				716E56C22D78DC7D00F27CA4 /* UserPreferenceManager.swift */,
			);
			path = Utilities;
			sourceTree = "<group>";
		};
		716E56C82D78DC7E00F27CA4 /* Extension */ = {
			isa = PBXGroup;
			children = (
				716E56C32D78DC7E00F27CA4 /* NSLayoutConstraintExtensions.swift */,
				716E56C62D78DC7E00F27CA4 /* UIStackViewExtension.swift */,
				716E56D12D78DE8000F27CA4 /* TipeDataExtension.swift */,
			);
			path = Extension;
			sourceTree = "<group>";
		};
		716E56DB2D78DFF200F27CA4 /* Hourly Forecast */ = {
			isa = PBXGroup;
			children = (
				716E56D92D78DFF200F27CA4 /* HourlyForecastCell.swift */,
				716E56DA2D78DFF200F27CA4 /* HourlyForecastView.swift */,
			);
			path = "Hourly Forecast";
			sourceTree = "<group>";
		};
		716E56DD2D78DFF200F27CA4 /* Humidity */ = {
			isa = PBXGroup;
			children = (
				716E56D32D78DE8800F27CA4 /* IconAndTextView.swift */,
				716E56DC2D78DFF200F27CA4 /* HumidityInfoView.swift */,
			);
			path = Humidity;
			sourceTree = "<group>";
		};
		716E56DE2D78DFF200F27CA4 /* Views */ = {
			isa = PBXGroup;
			children = (
				716E56DB2D78DFF200F27CA4 /* Hourly Forecast */,
				716E56DD2D78DFF200F27CA4 /* Humidity */,
			);
			path = Views;
			sourceTree = "<group>";
		};
		7178F03A2D787B640044E3CC = {
			isa = PBXGroup;
			children = (
				7178F0452D787B640044E3CC /* openweatherApp */,
				7178F0442D787B640044E3CC /* Products */,
			);
			sourceTree = "<group>";
		};
		7178F0442D787B640044E3CC /* Products */ = {
			isa = PBXGroup;
			children = (
				7178F0432D787B640044E3CC /* openweatherApp.app */,
			);
			name = Products;
			sourceTree = "<group>";
		};
		7178F0452D787B640044E3CC /* openweatherApp */ = {
			isa = PBXGroup;
			children = (
				716E56B02D78D76700F27CA4 /* Api */,
				716E56B72D78D79E00F27CA4 /* Model */,
				716E56BC2D78DBC000F27CA4 /* Modules */,
				716E56C12D78DC6300F27CA4 /* Utilities */,
				7178F0462D787B640044E3CC /* AppDelegate.swift */,
				7178F0482D787B640044E3CC /* SceneDelegate.swift */,
				7178F04F2D787B670044E3CC /* Assets.xcassets */,
				7178F0512D787B670044E3CC /* LaunchScreen.storyboard */,
				7178F0542D787B680044E3CC /* Info.plist */,
			);
			path = openweatherApp;
			sourceTree = "<group>";
		};
/* End PBXGroup section */

/* Begin PBXNativeTarget section */
		7178F0422D787B640044E3CC /* openweatherApp */ = {
			isa = PBXNativeTarget;
			buildConfigurationList = 7178F0572D787B680044E3CC /* Build configuration list for PBXNativeTarget "openweatherApp" */;
			buildPhases = (
				7178F03F2D787B640044E3CC /* Sources */,
				7178F0402D787B640044E3CC /* Frameworks */,
				7178F0412D787B640044E3CC /* Resources */,
			);
			buildRules = (
			);
			dependencies = (
			);
			name = openweatherApp;
			packageProductDependencies = (
				716E56A02D78D52000F27CA4 /* MBProgressHUD */,
				716E56A32D78D56D00F27CA4 /* RxCocoa */,
				716E56A52D78D56D00F27CA4 /* RxSwift */,
				716E56A82D78D61800F27CA4 /* XLPagerTabStrip */,
				716E56AB2D78D66200F27CA4 /* Alamofire */,
				716E56AE2D78D67F00F27CA4 /* Kingfisher */,
			);
			productName = openweatherApp;
			productReference = 7178F0432D787B640044E3CC /* openweatherApp.app */;
			productType = "com.apple.product-type.application";
		};
/* End PBXNativeTarget section */

/* Begin PBXProject section */
		7178F03B2D787B640044E3CC /* Project object */ = {
			isa = PBXProject;
			attributes = {
				BuildIndependentTargetsInParallel = 1;
				LastSwiftUpdateCheck = 1540;
				LastUpgradeCheck = 1540;
				TargetAttributes = {
					7178F0422D787B640044E3CC = {
						CreatedOnToolsVersion = 15.4;
					};
				};
			};
			buildConfigurationList = 7178F03E2D787B640044E3CC /* Build configuration list for PBXProject "openweatherApp" */;
			compatibilityVersion = "Xcode 14.0";
			developmentRegion = en;
			hasScannedForEncodings = 0;
			knownRegions = (
				en,
				Base,
			);
			mainGroup = 7178F03A2D787B640044E3CC;
			packageReferences = (
				716E569F2D78D52000F27CA4 /* XCRemoteSwiftPackageReference "MBProgressHUD" */,
				716E56A22D78D56D00F27CA4 /* XCRemoteSwiftPackageReference "RxSwift" */,
				716E56A72D78D61800F27CA4 /* XCRemoteSwiftPackageReference "XLPagerTabStrip" */,
				716E56AA2D78D66200F27CA4 /* XCRemoteSwiftPackageReference "Alamofire" */,
				716E56AD2D78D67F00F27CA4 /* XCRemoteSwiftPackageReference "Kingfisher" */,
			);
			productRefGroup = 7178F0442D787B640044E3CC /* Products */;
			projectDirPath = "";
			projectRoot = "";
			targets = (
				7178F0422D787B640044E3CC /* openweatherApp */,
			);
		};
/* End PBXProject section */

/* Begin PBXResourcesBuildPhase section */
		7178F0412D787B640044E3CC /* Resources */ = {
			isa = PBXResourcesBuildPhase;
			buildActionMask = 2147483647;
			files = (
				7178F0502D787B670044E3CC /* Assets.xcassets in Resources */,
				7178F0532D787B670044E3CC /* Base in Resources */,
			);
			runOnlyForDeploymentPostprocessing = 0;
		};
/* End PBXResourcesBuildPhase section */

/* Begin PBXSourcesBuildPhase section */
		7178F03F2D787B640044E3CC /* Sources */ = {
			isa = PBXSourcesBuildPhase;
			buildActionMask = 2147483647;
			files = (
				716E56D02D78DC9A00F27CA4 /* LoginViewController.swift in Sources */,
				716E56E02D78DFF300F27CA4 /* HourlyForecastView.swift in Sources */,
				716E56E52D78F60A00F27CA4 /* ProfileViewController.swift in Sources */,
				716E56E32D78F5FF00F27CA4 /* HomeViewController.swift in Sources */,
				716E56CD2D78DC7E00F27CA4 /* UIStackViewExtension.swift in Sources */,
				716E56B32D78D78100F27CA4 /* WeatherApi.swift in Sources */,
				716E56B42D78D78100F27CA4 /* APIManager.swift in Sources */,
				7178F0472D787B640044E3CC /* AppDelegate.swift in Sources */,
				716E56E12D78DFF300F27CA4 /* HumidityInfoView.swift in Sources */,
				716E56B82D78D79E00F27CA4 /* Forecast.swift in Sources */,
				7178F0492D787B640044E3CC /* SceneDelegate.swift in Sources */,
				716E56CA2D78DC7E00F27CA4 /* NSLayoutConstraintExtensions.swift in Sources */,
				716E56D42D78DE8800F27CA4 /* IconAndTextView.swift in Sources */,
				716E56D82D78DF0300F27CA4 /* WeatherPresenter.swift in Sources */,
				716E56B92D78D79E00F27CA4 /* Weather.swift in Sources */,
				716E56D62D78DEA100F27CA4 /* WeatherViewController.swift in Sources */,
				716E56DF2D78DFF300F27CA4 /* HourlyForecastCell.swift in Sources */,
				716E56C92D78DC7E00F27CA4 /* UserPreferenceManager.swift in Sources */,
				716E56D22D78DE8000F27CA4 /* TipeDataExtension.swift in Sources */,
			);
			runOnlyForDeploymentPostprocessing = 0;
		};
/* End PBXSourcesBuildPhase section */

/* Begin PBXVariantGroup section */
		7178F0512D787B670044E3CC /* LaunchScreen.storyboard */ = {
			isa = PBXVariantGroup;
			children = (
				7178F0522D787B670044E3CC /* Base */,
			);
			name = LaunchScreen.storyboard;
			sourceTree = "<group>";
		};
/* End PBXVariantGroup section */

/* Begin XCBuildConfiguration section */
		7178F0552D787B680044E3CC /* Debug */ = {
			isa = XCBuildConfiguration;
			buildSettings = {
				ALWAYS_SEARCH_USER_PATHS = NO;
				ASSETCATALOG_COMPILER_GENERATE_SWIFT_ASSET_SYMBOL_EXTENSIONS = YES;
				CLANG_ANALYZER_NONNULL = YES;
				CLANG_ANALYZER_NUMBER_OBJECT_CONVERSION = YES_AGGRESSIVE;
				CLANG_CXX_LANGUAGE_STANDARD = "gnu++20";
				CLANG_ENABLE_MODULES = YES;
				CLANG_ENABLE_OBJC_ARC = YES;
				CLANG_ENABLE_OBJC_WEAK = YES;
				CLANG_WARN_BLOCK_CAPTURE_AUTORELEASING = YES;
				CLANG_WARN_BOOL_CONVERSION = YES;
				CLANG_WARN_COMMA = YES;
				CLANG_WARN_CONSTANT_CONVERSION = YES;
				CLANG_WARN_DEPRECATED_OBJC_IMPLEMENTATIONS = YES;
				CLANG_WARN_DIRECT_OBJC_ISA_USAGE = YES_ERROR;
				CLANG_WARN_DOCUMENTATION_COMMENTS = YES;
				CLANG_WARN_EMPTY_BODY = YES;
				CLANG_WARN_ENUM_CONVERSION = YES;
				CLANG_WARN_INFINITE_RECURSION = YES;
				CLANG_WARN_INT_CONVERSION = YES;
				CLANG_WARN_NON_LITERAL_NULL_CONVERSION = YES;
				CLANG_WARN_OBJC_IMPLICIT_RETAIN_SELF = YES;
				CLANG_WARN_OBJC_LITERAL_CONVERSION = YES;
				CLANG_WARN_OBJC_ROOT_CLASS = YES_ERROR;
				CLANG_WARN_QUOTED_INCLUDE_IN_FRAMEWORK_HEADER = YES;
				CLANG_WARN_RANGE_LOOP_ANALYSIS = YES;
				CLANG_WARN_STRICT_PROTOTYPES = YES;
				CLANG_WARN_SUSPICIOUS_MOVE = YES;
				CLANG_WARN_UNGUARDED_AVAILABILITY = YES_AGGRESSIVE;
				CLANG_WARN_UNREACHABLE_CODE = YES;
				CLANG_WARN__DUPLICATE_METHOD_MATCH = YES;
				COPY_PHASE_STRIP = NO;
				DEBUG_INFORMATION_FORMAT = dwarf;
				ENABLE_STRICT_OBJC_MSGSEND = YES;
				ENABLE_TESTABILITY = YES;
				ENABLE_USER_SCRIPT_SANDBOXING = YES;
				GCC_C_LANGUAGE_STANDARD = gnu17;
				GCC_DYNAMIC_NO_PIC = NO;
				GCC_NO_COMMON_BLOCKS = YES;
				GCC_OPTIMIZATION_LEVEL = 0;
				GCC_PREPROCESSOR_DEFINITIONS = (
					"DEBUG=1",
					"$(inherited)",
				);
				GCC_WARN_64_TO_32_BIT_CONVERSION = YES;
				GCC_WARN_ABOUT_RETURN_TYPE = YES_ERROR;
				GCC_WARN_UNDECLARED_SELECTOR = YES;
				GCC_WARN_UNINITIALIZED_AUTOS = YES_AGGRESSIVE;
				GCC_WARN_UNUSED_FUNCTION = YES;
				GCC_WARN_UNUSED_VARIABLE = YES;
				IPHONEOS_DEPLOYMENT_TARGET = 17.5;
				LOCALIZATION_PREFERS_STRING_CATALOGS = YES;
				MTL_ENABLE_DEBUG_INFO = INCLUDE_SOURCE;
				MTL_FAST_MATH = YES;
				ONLY_ACTIVE_ARCH = YES;
				SDKROOT = iphoneos;
				SWIFT_ACTIVE_COMPILATION_CONDITIONS = "DEBUG $(inherited)";
				SWIFT_OPTIMIZATION_LEVEL = "-Onone";
			};
			name = Debug;
		};
		7178F0562D787B680044E3CC /* Release */ = {
			isa = XCBuildConfiguration;
			buildSettings = {
				ALWAYS_SEARCH_USER_PATHS = NO;
				ASSETCATALOG_COMPILER_GENERATE_SWIFT_ASSET_SYMBOL_EXTENSIONS = YES;
				CLANG_ANALYZER_NONNULL = YES;
				CLANG_ANALYZER_NUMBER_OBJECT_CONVERSION = YES_AGGRESSIVE;
				CLANG_CXX_LANGUAGE_STANDARD = "gnu++20";
				CLANG_ENABLE_MODULES = YES;
				CLANG_ENABLE_OBJC_ARC = YES;
				CLANG_ENABLE_OBJC_WEAK = YES;
				CLANG_WARN_BLOCK_CAPTURE_AUTORELEASING = YES;
				CLANG_WARN_BOOL_CONVERSION = YES;
				CLANG_WARN_COMMA = YES;
				CLANG_WARN_CONSTANT_CONVERSION = YES;
				CLANG_WARN_DEPRECATED_OBJC_IMPLEMENTATIONS = YES;
				CLANG_WARN_DIRECT_OBJC_ISA_USAGE = YES_ERROR;
				CLANG_WARN_DOCUMENTATION_COMMENTS = YES;
				CLANG_WARN_EMPTY_BODY = YES;
				CLANG_WARN_ENUM_CONVERSION = YES;
				CLANG_WARN_INFINITE_RECURSION = YES;
				CLANG_WARN_INT_CONVERSION = YES;
				CLANG_WARN_NON_LITERAL_NULL_CONVERSION = YES;
				CLANG_WARN_OBJC_IMPLICIT_RETAIN_SELF = YES;
				CLANG_WARN_OBJC_LITERAL_CONVERSION = YES;
				CLANG_WARN_OBJC_ROOT_CLASS = YES_ERROR;
				CLANG_WARN_QUOTED_INCLUDE_IN_FRAMEWORK_HEADER = YES;
				CLANG_WARN_RANGE_LOOP_ANALYSIS = YES;
				CLANG_WARN_STRICT_PROTOTYPES = YES;
				CLANG_WARN_SUSPICIOUS_MOVE = YES;
				CLANG_WARN_UNGUARDED_AVAILABILITY = YES_AGGRESSIVE;
				CLANG_WARN_UNREACHABLE_CODE = YES;
				CLANG_WARN__DUPLICATE_METHOD_MATCH = YES;
				COPY_PHASE_STRIP = NO;
				DEBUG_INFORMATION_FORMAT = "dwarf-with-dsym";
				ENABLE_NS_ASSERTIONS = NO;
				ENABLE_STRICT_OBJC_MSGSEND = YES;
				ENABLE_USER_SCRIPT_SANDBOXING = YES;
				GCC_C_LANGUAGE_STANDARD = gnu17;
				GCC_NO_COMMON_BLOCKS = YES;
				GCC_WARN_64_TO_32_BIT_CONVERSION = YES;
				GCC_WARN_ABOUT_RETURN_TYPE = YES_ERROR;
				GCC_WARN_UNDECLARED_SELECTOR = YES;
				GCC_WARN_UNINITIALIZED_AUTOS = YES_AGGRESSIVE;
				GCC_WARN_UNUSED_FUNCTION = YES;
				GCC_WARN_UNUSED_VARIABLE = YES;
				IPHONEOS_DEPLOYMENT_TARGET = 17.5;
				LOCALIZATION_PREFERS_STRING_CATALOGS = YES;
				MTL_ENABLE_DEBUG_INFO = NO;
				MTL_FAST_MATH = YES;
				SDKROOT = iphoneos;
				SWIFT_COMPILATION_MODE = wholemodule;
				VALIDATE_PRODUCT = YES;
			};
			name = Release;
		};
		7178F0582D787B680044E3CC /* Debug */ = {
			isa = XCBuildConfiguration;
			buildSettings = {
				ASSETCATALOG_COMPILER_APPICON_NAME = AppIcon;
				ASSETCATALOG_COMPILER_GLOBAL_ACCENT_COLOR_NAME = AccentColor;
				CODE_SIGN_STYLE = Manual;
				CURRENT_PROJECT_VERSION = 1;
				DEVELOPMENT_TEAM = "";
				GENERATE_INFOPLIST_FILE = YES;
				INFOPLIST_FILE = openweatherApp/Info.plist;
				INFOPLIST_KEY_UIApplicationSupportsIndirectInputEvents = YES;
				INFOPLIST_KEY_UILaunchStoryboardName = LaunchScreen;
				INFOPLIST_KEY_UISupportedInterfaceOrientations_iPad = "UIInterfaceOrientationPortrait UIInterfaceOrientationPortraitUpsideDown UIInterfaceOrientationLandscapeLeft UIInterfaceOrientationLandscapeRight";
				INFOPLIST_KEY_UISupportedInterfaceOrientations_iPhone = "UIInterfaceOrientationPortrait UIInterfaceOrientationLandscapeLeft UIInterfaceOrientationLandscapeRight";
				IPHONEOS_DEPLOYMENT_TARGET = 17.0;
				LD_RUNPATH_SEARCH_PATHS = (
					"$(inherited)",
					"@executable_path/Frameworks",
				);
				MARKETING_VERSION = 1.0;
				PRODUCT_BUNDLE_IDENTIFIER = com.gerry.openweatherApp;
				PRODUCT_NAME = "$(TARGET_NAME)";
				PROVISIONING_PROFILE_SPECIFIER = "";
				SWIFT_EMIT_LOC_STRINGS = YES;
				SWIFT_VERSION = 5.0;
				TARGETED_DEVICE_FAMILY = "1,2";
			};
			name = Debug;
		};
		7178F0592D787B680044E3CC /* Release */ = {
			isa = XCBuildConfiguration;
			buildSettings = {
				ASSETCATALOG_COMPILER_APPICON_NAME = AppIcon;
				ASSETCATALOG_COMPILER_GLOBAL_ACCENT_COLOR_NAME = AccentColor;
				CODE_SIGN_STYLE = Manual;
				CURRENT_PROJECT_VERSION = 1;
				DEVELOPMENT_TEAM = "";
				GENERATE_INFOPLIST_FILE = YES;
				INFOPLIST_FILE = openweatherApp/Info.plist;
				INFOPLIST_KEY_UIApplicationSupportsIndirectInputEvents = YES;
				INFOPLIST_KEY_UILaunchStoryboardName = LaunchScreen;
				INFOPLIST_KEY_UISupportedInterfaceOrientations_iPad = "UIInterfaceOrientationPortrait UIInterfaceOrientationPortraitUpsideDown UIInterfaceOrientationLandscapeLeft UIInterfaceOrientationLandscapeRight";
				INFOPLIST_KEY_UISupportedInterfaceOrientations_iPhone = "UIInterfaceOrientationPortrait UIInterfaceOrientationLandscapeLeft UIInterfaceOrientationLandscapeRight";
				IPHONEOS_DEPLOYMENT_TARGET = 17.0;
				LD_RUNPATH_SEARCH_PATHS = (
					"$(inherited)",
					"@executable_path/Frameworks",
				);
				MARKETING_VERSION = 1.0;
				PRODUCT_BUNDLE_IDENTIFIER = com.gerry.openweatherApp;
				PRODUCT_NAME = "$(TARGET_NAME)";
				PROVISIONING_PROFILE_SPECIFIER = "";
				SWIFT_EMIT_LOC_STRINGS = YES;
				SWIFT_VERSION = 5.0;
				TARGETED_DEVICE_FAMILY = "1,2";
			};
			name = Release;
		};
/* End XCBuildConfiguration section */

/* Begin XCConfigurationList section */
		7178F03E2D787B640044E3CC /* Build configuration list for PBXProject "openweatherApp" */ = {
			isa = XCConfigurationList;
			buildConfigurations = (
				7178F0552D787B680044E3CC /* Debug */,
				7178F0562D787B680044E3CC /* Release */,
			);
			defaultConfigurationIsVisible = 0;
			defaultConfigurationName = Release;
		};
		7178F0572D787B680044E3CC /* Build configuration list for PBXNativeTarget "openweatherApp" */ = {
			isa = XCConfigurationList;
			buildConfigurations = (
				7178F0582D787B680044E3CC /* Debug */,
				7178F0592D787B680044E3CC /* Release */,
			);
			defaultConfigurationIsVisible = 0;
			defaultConfigurationName = Release;
		};
/* End XCConfigurationList section */

/* Begin XCRemoteSwiftPackageReference section */
		716E569F2D78D52000F27CA4 /* XCRemoteSwiftPackageReference "MBProgressHUD" */ = {
			isa = XCRemoteSwiftPackageReference;
			repositoryURL = "https://github.com/jdg/MBProgressHUD.git";
			requirement = {
				kind = upToNextMajorVersion;
				minimumVersion = 1.2.0;
			};
		};
		716E56A22D78D56D00F27CA4 /* XCRemoteSwiftPackageReference "RxSwift" */ = {
			isa = XCRemoteSwiftPackageReference;
			repositoryURL = "https://github.com/ReactiveX/RxSwift.git";
			requirement = {
				kind = upToNextMajorVersion;
				minimumVersion = 6.9.0;
			};
		};
		716E56A72D78D61800F27CA4 /* XCRemoteSwiftPackageReference "XLPagerTabStrip" */ = {
			isa = XCRemoteSwiftPackageReference;
			repositoryURL = "https://github.com/xmartlabs/XLPagerTabStrip.git";
			requirement = {
				kind = upToNextMajorVersion;
				minimumVersion = 9.1.0;
			};
		};
		716E56AA2D78D66200F27CA4 /* XCRemoteSwiftPackageReference "Alamofire" */ = {
			isa = XCRemoteSwiftPackageReference;
			repositoryURL = "https://github.com/Alamofire/Alamofire#swift-package-manager";
			requirement = {
				kind = upToNextMajorVersion;
				minimumVersion = 5.10.2;
			};
		};
		716E56AD2D78D67F00F27CA4 /* XCRemoteSwiftPackageReference "Kingfisher" */ = {
			isa = XCRemoteSwiftPackageReference;
			repositoryURL = "https://github.com/onevcat/Kingfisher.git";
			requirement = {
				kind = upToNextMajorVersion;
				minimumVersion = 8.3.0;
			};
		};
/* End XCRemoteSwiftPackageReference section */

/* Begin XCSwiftPackageProductDependency section */
		716E56A02D78D52000F27CA4 /* MBProgressHUD */ = {
			isa = XCSwiftPackageProductDependency;
			package = 716E569F2D78D52000F27CA4 /* XCRemoteSwiftPackageReference "MBProgressHUD" */;
			productName = MBProgressHUD;
		};
		716E56A32D78D56D00F27CA4 /* RxCocoa */ = {
			isa = XCSwiftPackageProductDependency;
			package = 716E56A22D78D56D00F27CA4 /* XCRemoteSwiftPackageReference "RxSwift" */;
			productName = RxCocoa;
		};
		716E56A52D78D56D00F27CA4 /* RxSwift */ = {
			isa = XCSwiftPackageProductDependency;
			package = 716E56A22D78D56D00F27CA4 /* XCRemoteSwiftPackageReference "RxSwift" */;
			productName = RxSwift;
		};
		716E56A82D78D61800F27CA4 /* XLPagerTabStrip */ = {
			isa = XCSwiftPackageProductDependency;
			package = 716E56A72D78D61800F27CA4 /* XCRemoteSwiftPackageReference "XLPagerTabStrip" */;
			productName = XLPagerTabStrip;
		};
		716E56AB2D78D66200F27CA4 /* Alamofire */ = {
			isa = XCSwiftPackageProductDependency;
			package = 716E56AA2D78D66200F27CA4 /* XCRemoteSwiftPackageReference "Alamofire" */;
			productName = Alamofire;
		};
		716E56AE2D78D67F00F27CA4 /* Kingfisher */ = {
			isa = XCSwiftPackageProductDependency;
			package = 716E56AD2D78D67F00F27CA4 /* XCRemoteSwiftPackageReference "Kingfisher" */;
			productName = Kingfisher;
		};
/* End XCSwiftPackageProductDependency section */
	};
	rootObject = 7178F03B2D787B640044E3CC /* Project object */;
}
